
Microsoft Visual Studio Solution File, Format Version 12.00
# Visual Studio 15
VisualStudioVersion = 15.0.26730.8
MinimumVisualStudioVersion = 10.0.40219.1
Project("{FAE04EC0-301F-11D3-BF4B-00C04F79EFBC}") = "PalindromeNumberCheck'", "PalindromeNumberCheck'\PalindromeNumberCheck'.csproj", "{C56337CF-497D-4D14-BEFF-A65B35701633}"
EndProject
Global
	GlobalSection(SolutionConfigurationPlatforms) = preSolution
		Debug|Any CPU = Debug|Any CPU
		Release|Any CPU = Release|Any CPU
	EndGlobalSection
	GlobalSection(ProjectConfigurationPlatforms) = postSolution
		{C56337CF-497D-4D14-BEFF-A65B35701633}.Debug|Any CPU.ActiveCfg = Debug|Any CPU
		{C56337CF-497D-4D14-BEFF-A65B35701633}.Debug|Any CPU.Build.0 = Debug|Any CPU
		{C56337CF-497D-4D14-BEFF-A65B35701633}.Release|Any CPU.ActiveCfg = Release|Any CPU
		{C56337CF-497D-4D14-BEFF-A65B35701633}.Release|Any CPU.Build.0 = Release|Any CPU
	EndGlobalSection
	GlobalSection(SolutionProperties) = preSolution
		HideSolutionNode = FALSE
	EndGlobalSection
	GlobalSection(ExtensibilityGlobals) = postSolution
		SolutionGuid = {039D340B-10EA-45A1-8237-DD7FB6A88051}
	EndGlobalSection
EndGlobal
