
Microsoft Visual Studio Solution File, Format Version 12.00
# Visual Studio 15
VisualStudioVersion = 15.0.26730.8
MinimumVisualStudioVersion = 10.0.40219.1
Project("{FAE04EC0-301F-11D3-BF4B-00C04F79EFBC}") = "LinkedList", "LinkedList\LinkedList.csproj", "{0E641D9B-9ACA-4D44-8745-0FD1904E9055}"
EndProject
Global
	GlobalSection(SolutionConfigurationPlatforms) = preSolution
		Debug|Any CPU = Debug|Any CPU
		Release|Any CPU = Release|Any CPU
	EndGlobalSection
	GlobalSection(ProjectConfigurationPlatforms) = postSolution
		{0E641D9B-9ACA-4D44-8745-0FD1904E9055}.Debug|Any CPU.ActiveCfg = Debug|Any CPU
		{0E641D9B-9ACA-4D44-8745-0FD1904E9055}.Debug|Any CPU.Build.0 = Debug|Any CPU
		{0E641D9B-9ACA-4D44-8745-0FD1904E9055}.Release|Any CPU.ActiveCfg = Release|Any CPU
		{0E641D9B-9ACA-4D44-8745-0FD1904E9055}.Release|Any CPU.Build.0 = Release|Any CPU
	EndGlobalSection
	GlobalSection(SolutionProperties) = preSolution
		HideSolutionNode = FALSE
	EndGlobalSection
	GlobalSection(ExtensibilityGlobals) = postSolution
		SolutionGuid = {28392B33-55E7-4C08-8646-C32A894EA8A2}
	EndGlobalSection
EndGlobal
