
Microsoft Visual Studio Solution File, Format Version 12.00
# Visual Studio 15
VisualStudioVersion = 15.0.26730.8
MinimumVisualStudioVersion = 10.0.40219.1
Project("{FAE04EC0-301F-11D3-BF4B-00C04F79EFBC}") = "MiddleOfLinkedList", "MiddleOfLinkedList\MiddleOfLinkedList.csproj", "{FA4F57C0-BC42-4650-8584-1791C36A20DD}"
EndProject
Global
	GlobalSection(SolutionConfigurationPlatforms) = preSolution
		Debug|Any CPU = Debug|Any CPU
		Release|Any CPU = Release|Any CPU
	EndGlobalSection
	GlobalSection(ProjectConfigurationPlatforms) = postSolution
		{FA4F57C0-BC42-4650-8584-1791C36A20DD}.Debug|Any CPU.ActiveCfg = Debug|Any CPU
		{FA4F57C0-BC42-4650-8584-1791C36A20DD}.Debug|Any CPU.Build.0 = Debug|Any CPU
		{FA4F57C0-BC42-4650-8584-1791C36A20DD}.Release|Any CPU.ActiveCfg = Release|Any CPU
		{FA4F57C0-BC42-4650-8584-1791C36A20DD}.Release|Any CPU.Build.0 = Release|Any CPU
	EndGlobalSection
	GlobalSection(SolutionProperties) = preSolution
		HideSolutionNode = FALSE
	EndGlobalSection
	GlobalSection(ExtensibilityGlobals) = postSolution
		SolutionGuid = {F882B0FE-4282-497A-931C-FB54832D64EE}
	EndGlobalSection
EndGlobal
