
Microsoft Visual Studio Solution File, Format Version 12.00
# Visual Studio 15
VisualStudioVersion = 15.0.26730.8
MinimumVisualStudioVersion = 10.0.40219.1
Project("{FAE04EC0-301F-11D3-BF4B-00C04F79EFBC}") = "OddOccurence", "OddOccurence\OddOccurence.csproj", "{C0551F43-E7C2-4DEB-A7C3-B37DE9E5E75C}"
EndProject
Global
	GlobalSection(SolutionConfigurationPlatforms) = preSolution
		Debug|Any CPU = Debug|Any CPU
		Release|Any CPU = Release|Any CPU
	EndGlobalSection
	GlobalSection(ProjectConfigurationPlatforms) = postSolution
		{C0551F43-E7C2-4DEB-A7C3-B37DE9E5E75C}.Debug|Any CPU.ActiveCfg = Debug|Any CPU
		{C0551F43-E7C2-4DEB-A7C3-B37DE9E5E75C}.Debug|Any CPU.Build.0 = Debug|Any CPU
		{C0551F43-E7C2-4DEB-A7C3-B37DE9E5E75C}.Release|Any CPU.ActiveCfg = Release|Any CPU
		{C0551F43-E7C2-4DEB-A7C3-B37DE9E5E75C}.Release|Any CPU.Build.0 = Release|Any CPU
	EndGlobalSection
	GlobalSection(SolutionProperties) = preSolution
		HideSolutionNode = FALSE
	EndGlobalSection
	GlobalSection(ExtensibilityGlobals) = postSolution
		SolutionGuid = {C5772589-17DE-4E13-AEDD-8762C492349E}
	EndGlobalSection
EndGlobal
