
Microsoft Visual Studio Solution File, Format Version 12.00
# Visual Studio 15
VisualStudioVersion = 15.0.26730.8
MinimumVisualStudioVersion = 10.0.40219.1
Project("{FAE04EC0-301F-11D3-BF4B-00C04F79EFBC}") = "SearchInSortedRotatedArray", "SearchInSortedRotatedArray\SearchInSortedRotatedArray.csproj", "{5FE52AD9-1B05-4003-BBE5-FAD5EEE91937}"
EndProject
Global
	GlobalSection(SolutionConfigurationPlatforms) = preSolution
		Debug|Any CPU = Debug|Any CPU
		Release|Any CPU = Release|Any CPU
	EndGlobalSection
	GlobalSection(ProjectConfigurationPlatforms) = postSolution
		{5FE52AD9-1B05-4003-BBE5-FAD5EEE91937}.Debug|Any CPU.ActiveCfg = Debug|Any CPU
		{5FE52AD9-1B05-4003-BBE5-FAD5EEE91937}.Debug|Any CPU.Build.0 = Debug|Any CPU
		{5FE52AD9-1B05-4003-BBE5-FAD5EEE91937}.Release|Any CPU.ActiveCfg = Release|Any CPU
		{5FE52AD9-1B05-4003-BBE5-FAD5EEE91937}.Release|Any CPU.Build.0 = Release|Any CPU
	EndGlobalSection
	GlobalSection(SolutionProperties) = preSolution
		HideSolutionNode = FALSE
	EndGlobalSection
	GlobalSection(ExtensibilityGlobals) = postSolution
		SolutionGuid = {C41A6AFB-A1C8-48B1-ACB1-22EBC0F0FABC}
	EndGlobalSection
EndGlobal
